// !$*UTF8*$!
{
	archiveVersion = 1;
	classes = {
	};
	objectVersion = 46;
	objects = {

/* Begin PBXBuildFile section */
		AB833AC81B713563006FC7FB /* main.m in Sources */ = {isa = PBXBuildFile; fileRef = AB833AC71B713563006FC7FB /* main.m */; };
		AB833ACB1B713563006FC7FB /* AppDelegate.m in Sources */ = {isa = PBXBuildFile; fileRef = AB833ACA1B713563006FC7FB /* AppDelegate.m */; };
		AB833AD31B713563006FC7FB /* Images.xcassets in Resources */ = {isa = PBXBuildFile; fileRef = AB833AD21B713563006FC7FB /* Images.xcassets */; };
		AB833AD61B713563006FC7FB /* LaunchScreen.xib in Resources */ = {isa = PBXBuildFile; fileRef = AB833AD41B713563006FC7FB /* LaunchScreen.xib */; };
		AB833AE21B713563006FC7FB /* NoteBookTests.m in Sources */ = {isa = PBXBuildFile; fileRef = AB833AE11B713563006FC7FB /* NoteBookTests.m */; };
		AB833AED1B713848006FC7FB /* NotesTableViewController.m in Sources */ = {isa = PBXBuildFile; fileRef = AB833AEC1B713848006FC7FB /* NotesTableViewController.m */; };
		AB833AF01B713EF8006FC7FB /* Note.m in Sources */ = {isa = PBXBuildFile; fileRef = AB833AEF1B713EF8006FC7FB /* Note.m */; };
		AB833AF31B71408C006FC7FB /* AddNoteViewController.m in Sources */ = {isa = PBXBuildFile; fileRef = AB833AF21B71408C006FC7FB /* AddNoteViewController.m */; };
		AB833AF51B714118006FC7FB /* AddNoteViewController.xib in Resources */ = {isa = PBXBuildFile; fileRef = AB833AF41B714118006FC7FB /* AddNoteViewController.xib */; };
/* End PBXBuildFile section */

/* Begin PBXContainerItemProxy section */
		AB833ADC1B713563006FC7FB /* PBXContainerItemProxy */ = {
			isa = PBXContainerItemProxy;
			containerPortal = AB833ABA1B713563006FC7FB /* Project object */;
			proxyType = 1;
			remoteGlobalIDString = AB833AC11B713563006FC7FB;
			remoteInfo = NoteBook;
		};
/* End PBXContainerItemProxy section */

/* Begin PBXFileReference section */
		AB833AC21B713563006FC7FB /* NoteBook.app */ = {isa = PBXFileReference; explicitFileType = wrapper.application; includeInIndex = 0; path = NoteBook.app; sourceTree = BUILT_PRODUCTS_DIR; };
		AB833AC61B713563006FC7FB /* Info.plist */ = {isa = PBXFileReference; lastKnownFileType = text.plist.xml; path = Info.plist; sourceTree = "<group>"; };
		AB833AC71B713563006FC7FB /* main.m */ = {isa = PBXFileReference; lastKnownFileType = sourcecode.c.objc; path = main.m; sourceTree = "<group>"; };
		AB833AC91B713563006FC7FB /* AppDelegate.h */ = {isa = PBXFileReference; lastKnownFileType = sourcecode.c.h; path = AppDelegate.h; sourceTree = "<group>"; };
		AB833ACA1B713563006FC7FB /* AppDelegate.m */ = {isa = PBXFileReference; lastKnownFileType = sourcecode.c.objc; path = AppDelegate.m; sourceTree = "<group>"; };
		AB833AD21B713563006FC7FB /* Images.xcassets */ = {isa = PBXFileReference; lastKnownFileType = folder.assetcatalog; path = Images.xcassets; sourceTree = "<group>"; };
		AB833AD51B713563006FC7FB /* Base */ = {isa = PBXFileReference; lastKnownFileType = file.xib; name = Base; path = Base.lproj/LaunchScreen.xib; sourceTree = "<group>"; };
		AB833ADB1B713563006FC7FB /* NoteBookTests.xctest */ = {isa = PBXFileReference; explicitFileType = wrapper.cfbundle; includeInIndex = 0; path = NoteBookTests.xctest; sourceTree = BUILT_PRODUCTS_DIR; };
		AB833AE01B713563006FC7FB /* Info.plist */ = {isa = PBXFileReference; lastKnownFileType = text.plist.xml; path = Info.plist; sourceTree = "<group>"; };
		AB833AE11B713563006FC7FB /* NoteBookTests.m */ = {isa = PBXFileReference; lastKnownFileType = sourcecode.c.objc; path = NoteBookTests.m; sourceTree = "<group>"; };
		AB833AEB1B713848006FC7FB /* NotesTableViewController.h */ = {isa = PBXFileReference; fileEncoding = 4; lastKnownFileType = sourcecode.c.h; path = NotesTableViewController.h; sourceTree = "<group>"; };
		AB833AEC1B713848006FC7FB /* NotesTableViewController.m */ = {isa = PBXFileReference; fileEncoding = 4; lastKnownFileType = sourcecode.c.objc; path = NotesTableViewController.m; sourceTree = "<group>"; };
		AB833AEE1B713EF8006FC7FB /* Note.h */ = {isa = PBXFileReference; fileEncoding = 4; lastKnownFileType = sourcecode.c.h; path = Note.h; sourceTree = "<group>"; };
		AB833AEF1B713EF8006FC7FB /* Note.m */ = {isa = PBXFileReference; fileEncoding = 4; lastKnownFileType = sourcecode.c.objc; path = Note.m; sourceTree = "<group>"; };
		AB833AF11B71408C006FC7FB /* AddNoteViewController.h */ = {isa = PBXFileReference; fileEncoding = 4; lastKnownFileType = sourcecode.c.h; path = AddNoteViewController.h; sourceTree = "<group>"; };
		AB833AF21B71408C006FC7FB /* AddNoteViewController.m */ = {isa = PBXFileReference; fileEncoding = 4; lastKnownFileType = sourcecode.c.objc; path = AddNoteViewController.m; sourceTree = "<group>"; };
		AB833AF41B714118006FC7FB /* AddNoteViewController.xib */ = {isa = PBXFileReference; fileEncoding = 4; lastKnownFileType = file.xib; path = AddNoteViewController.xib; sourceTree = "<group>"; };
/* End PBXFileReference section */

/* Begin PBXFrameworksBuildPhase section */
		AB833ABF1B713563006FC7FB /* Frameworks */ = {
			isa = PBXFrameworksBuildPhase;
			buildActionMask = 2147483647;
			files = (
			);
			runOnlyForDeploymentPostprocessing = 0;
		};
		AB833AD81B713563006FC7FB /* Frameworks */ = {
			isa = PBXFrameworksBuildPhase;
			buildActionMask = 2147483647;
			files = (
			);
			runOnlyForDeploymentPostprocessing = 0;
		};
/* End PBXFrameworksBuildPhase section */

/* Begin PBXGroup section */
		AB833AB91B713563006FC7FB = {
			isa = PBXGroup;
			children = (
				AB833AC41B713563006FC7FB /* NoteBook */,
				AB833ADE1B713563006FC7FB /* NoteBookTests */,
				AB833AC31B713563006FC7FB /* Products */,
			);
			sourceTree = "<group>";
		};
		AB833AC31B713563006FC7FB /* Products */ = {
			isa = PBXGroup;
			children = (
				AB833AC21B713563006FC7FB /* NoteBook.app */,
				AB833ADB1B713563006FC7FB /* NoteBookTests.xctest */,
			);
			name = Products;
			sourceTree = "<group>";
		};
		AB833AC41B713563006FC7FB /* NoteBook */ = {
			isa = PBXGroup;
			children = (
				AB833AC91B713563006FC7FB /* AppDelegate.h */,
				AB833ACA1B713563006FC7FB /* AppDelegate.m */,
				AB833AD21B713563006FC7FB /* Images.xcassets */,
				AB833AD41B713563006FC7FB /* LaunchScreen.xib */,
				AB833AC51B713563006FC7FB /* Supporting Files */,
				AB833AEB1B713848006FC7FB /* NotesTableViewController.h */,
				AB833AEC1B713848006FC7FB /* NotesTableViewController.m */,
				AB833AEE1B713EF8006FC7FB /* Note.h */,
				AB833AEF1B713EF8006FC7FB /* Note.m */,
				AB833AF11B71408C006FC7FB /* AddNoteViewController.h */,
				AB833AF21B71408C006FC7FB /* AddNoteViewController.m */,
				AB833AF41B714118006FC7FB /* AddNoteViewController.xib */,
			);
			path = NoteBook;
			sourceTree = "<group>";
		};
		AB833AC51B713563006FC7FB /* Supporting Files */ = {
			isa = PBXGroup;
			children = (
				AB833AC61B713563006FC7FB /* Info.plist */,
				AB833AC71B713563006FC7FB /* main.m */,
			);
			name = "Supporting Files";
			sourceTree = "<group>";
		};
		AB833ADE1B713563006FC7FB /* NoteBookTests */ = {
			isa = PBXGroup;
			children = (
				AB833AE11B713563006FC7FB /* NoteBookTests.m */,
				AB833ADF1B713563006FC7FB /* Supporting Files */,
			);
			path = NoteBookTests;
			sourceTree = "<group>";
		};
		AB833ADF1B713563006FC7FB /* Supporting Files */ = {
			isa = PBXGroup;
			children = (
				AB833AE01B713563006FC7FB /* Info.plist */,
			);
			name = "Supporting Files";
			sourceTree = "<group>";
		};
/* End PBXGroup section */

/* Begin PBXNativeTarget section */
		AB833AC11B713563006FC7FB /* NoteBook */ = {
			isa = PBXNativeTarget;
			buildConfigurationList = AB833AE51B713563006FC7FB /* Build configuration list for PBXNativeTarget "NoteBook" */;
			buildPhases = (
				AB833ABE1B713563006FC7FB /* Sources */,
				AB833ABF1B713563006FC7FB /* Frameworks */,
				AB833AC01B713563006FC7FB /* Resources */,
			);
			buildRules = (
			);
			dependencies = (
			);
			name = NoteBook;
			productName = NoteBook;
			productReference = AB833AC21B713563006FC7FB /* NoteBook.app */;
			productType = "com.apple.product-type.application";
		};
		AB833ADA1B713563006FC7FB /* NoteBookTests */ = {
			isa = PBXNativeTarget;
			buildConfigurationList = AB833AE81B713563006FC7FB /* Build configuration list for PBXNativeTarget "NoteBookTests" */;
			buildPhases = (
				AB833AD71B713563006FC7FB /* Sources */,
				AB833AD81B713563006FC7FB /* Frameworks */,
				AB833AD91B713563006FC7FB /* Resources */,
			);
			buildRules = (
			);
			dependencies = (
				AB833ADD1B713563006FC7FB /* PBXTargetDependency */,
			);
			name = NoteBookTests;
			productName = NoteBookTests;
			productReference = AB833ADB1B713563006FC7FB /* NoteBookTests.xctest */;
			productType = "com.apple.product-type.bundle.unit-test";
		};
/* End PBXNativeTarget section */

/* Begin PBXProject section */
		AB833ABA1B713563006FC7FB /* Project object */ = {
			isa = PBXProject;
			attributes = {
				LastUpgradeCheck = 0640;
				ORGANIZATIONNAME = "Code School";
				TargetAttributes = {
					AB833AC11B713563006FC7FB = {
						CreatedOnToolsVersion = 6.4;
					};
					AB833ADA1B713563006FC7FB = {
						CreatedOnToolsVersion = 6.4;
						TestTargetID = AB833AC11B713563006FC7FB;
					};
				};
			};
			buildConfigurationList = AB833ABD1B713563006FC7FB /* Build configuration list for PBXProject "NoteBook" */;
			compatibilityVersion = "Xcode 3.2";
			developmentRegion = English;
			hasScannedForEncodings = 0;
			knownRegions = (
				en,
				Base,
			);
			mainGroup = AB833AB91B713563006FC7FB;
			productRefGroup = AB833AC31B713563006FC7FB /* Products */;
			projectDirPath = "";
			projectRoot = "";
			targets = (
				AB833AC11B713563006FC7FB /* NoteBook */,
				AB833ADA1B713563006FC7FB /* NoteBookTests */,
			);
		};
/* End PBXProject section */

/* Begin PBXResourcesBuildPhase section */
		AB833AC01B713563006FC7FB /* Resources */ = {
			isa = PBXResourcesBuildPhase;
			buildActionMask = 2147483647;
			files = (
				AB833AD61B713563006FC7FB /* LaunchScreen.xib in Resources */,
				AB833AF51B714118006FC7FB /* AddNoteViewController.xib in Resources */,
				AB833AD31B713563006FC7FB /* Images.xcassets in Resources */,
			);
			runOnlyForDeploymentPostprocessing = 0;
		};
		AB833AD91B713563006FC7FB /* Resources */ = {
			isa = PBXResourcesBuildPhase;
			buildActionMask = 2147483647;
			files = (
			);
			runOnlyForDeploymentPostprocessing = 0;
		};
/* End PBXResourcesBuildPhase section */

/* Begin PBXSourcesBuildPhase section */
		AB833ABE1B713563006FC7FB /* Sources */ = {
			isa = PBXSourcesBuildPhase;
			buildActionMask = 2147483647;
			files = (
				AB833ACB1B713563006FC7FB /* AppDelegate.m in Sources */,
				AB833AC81B713563006FC7FB /* main.m in Sources */,
				AB833AED1B713848006FC7FB /* NotesTableViewController.m in Sources */,
				AB833AF01B713EF8006FC7FB /* Note.m in Sources */,
				AB833AF31B71408C006FC7FB /* AddNoteViewController.m in Sources */,
			);
			runOnlyForDeploymentPostprocessing = 0;
		};
		AB833AD71B713563006FC7FB /* Sources */ = {
			isa = PBXSourcesBuildPhase;
			buildActionMask = 2147483647;
			files = (
				AB833AE21B713563006FC7FB /* NoteBookTests.m in Sources */,
			);
			runOnlyForDeploymentPostprocessing = 0;
		};
/* End PBXSourcesBuildPhase section */

/* Begin PBXTargetDependency section */
		AB833ADD1B713563006FC7FB /* PBXTargetDependency */ = {
			isa = PBXTargetDependency;
			target = AB833AC11B713563006FC7FB /* NoteBook */;
			targetProxy = AB833ADC1B713563006FC7FB /* PBXContainerItemProxy */;
		};
/* End PBXTargetDependency section */

/* Begin PBXVariantGroup section */
		AB833AD41B713563006FC7FB /* LaunchScreen.xib */ = {
			isa = PBXVariantGroup;
			children = (
				AB833AD51B713563006FC7FB /* Base */,
			);
			name = LaunchScreen.xib;
			sourceTree = "<group>";
		};
/* End PBXVariantGroup section */

/* Begin XCBuildConfiguration section */
		AB833AE31B713563006FC7FB /* Debug */ = {
			isa = XCBuildConfiguration;
			buildSettings = {
				ALWAYS_SEARCH_USER_PATHS = NO;
				CLANG_CXX_LANGUAGE_STANDARD = "gnu++0x";
				CLANG_CXX_LIBRARY = "libc++";
				CLANG_ENABLE_MODULES = YES;
				CLANG_ENABLE_OBJC_ARC = YES;
				CLANG_WARN_BOOL_CONVERSION = YES;
				CLANG_WARN_CONSTANT_CONVERSION = YES;
				CLANG_WARN_DIRECT_OBJC_ISA_USAGE = YES_ERROR;
				CLANG_WARN_EMPTY_BODY = YES;
				CLANG_WARN_ENUM_CONVERSION = YES;
				CLANG_WARN_INT_CONVERSION = YES;
				CLANG_WARN_OBJC_ROOT_CLASS = YES_ERROR;
				CLANG_WARN_UNREACHABLE_CODE = YES;
				CLANG_WARN__DUPLICATE_METHOD_MATCH = YES;
				"CODE_SIGN_IDENTITY[sdk=iphoneos*]" = "iPhone Developer";
				COPY_PHASE_STRIP = NO;
				DEBUG_INFORMATION_FORMAT = "dwarf-with-dsym";
				ENABLE_STRICT_OBJC_MSGSEND = YES;
				GCC_C_LANGUAGE_STANDARD = gnu99;
				GCC_DYNAMIC_NO_PIC = NO;
				GCC_NO_COMMON_BLOCKS = YES;
				GCC_OPTIMIZATION_LEVEL = 0;
				GCC_PREPROCESSOR_DEFINITIONS = (
					"DEBUG=1",
					"$(inherited)",
				);
				GCC_SYMBOLS_PRIVATE_EXTERN = NO;
				GCC_WARN_64_TO_32_BIT_CONVERSION = YES;
				GCC_WARN_ABOUT_RETURN_TYPE = YES_ERROR;
				GCC_WARN_UNDECLARED_SELECTOR = YES;
				GCC_WARN_UNINITIALIZED_AUTOS = YES_AGGRESSIVE;
				GCC_WARN_UNUSED_FUNCTION = YES;
				GCC_WARN_UNUSED_VARIABLE = YES;
				IPHONEOS_DEPLOYMENT_TARGET = 8.4;
				MTL_ENABLE_DEBUG_INFO = YES;
				ONLY_ACTIVE_ARCH = YES;
				SDKROOT = iphoneos;
			};
			name = Debug;
		};
		AB833AE41B713563006FC7FB /* Release */ = {
			isa = XCBuildConfiguration;
			buildSettings = {
				ALWAYS_SEARCH_USER_PATHS = NO;
				CLANG_CXX_LANGUAGE_STANDARD = "gnu++0x";
				CLANG_CXX_LIBRARY = "libc++";
				CLANG_ENABLE_MODULES = YES;
				CLANG_ENABLE_OBJC_ARC = YES;
				CLANG_WARN_BOOL_CONVERSION = YES;
				CLANG_WARN_CONSTANT_CONVERSION = YES;
				CLANG_WARN_DIRECT_OBJC_ISA_USAGE = YES_ERROR;
				CLANG_WARN_EMPTY_BODY = YES;
				CLANG_WARN_ENUM_CONVERSION = YES;
				CLANG_WARN_INT_CONVERSION = YES;
				CLANG_WARN_OBJC_ROOT_CLASS = YES_ERROR;
				CLANG_WARN_UNREACHABLE_CODE = YES;
				CLANG_WARN__DUPLICATE_METHOD_MATCH = YES;
				"CODE_SIGN_IDENTITY[sdk=iphoneos*]" = "iPhone Developer";
				COPY_PHASE_STRIP = NO;
				DEBUG_INFORMATION_FORMAT = "dwarf-with-dsym";
				ENABLE_NS_ASSERTIONS = NO;
				ENABLE_STRICT_OBJC_MSGSEND = YES;
				GCC_C_LANGUAGE_STANDARD = gnu99;
				GCC_NO_COMMON_BLOCKS = YES;
				GCC_WARN_64_TO_32_BIT_CONVERSION = YES;
				GCC_WARN_ABOUT_RETURN_TYPE = YES_ERROR;
				GCC_WARN_UNDECLARED_SELECTOR = YES;
				GCC_WARN_UNINITIALIZED_AUTOS = YES_AGGRESSIVE;
				GCC_WARN_UNUSED_FUNCTION = YES;
				GCC_WARN_UNUSED_VARIABLE = YES;
				IPHONEOS_DEPLOYMENT_TARGET = 8.4;
				MTL_ENABLE_DEBUG_INFO = NO;
				SDKROOT = iphoneos;
				VALIDATE_PRODUCT = YES;
			};
			name = Release;
		};
		AB833AE61B713563006FC7FB /* Debug */ = {
			isa = XCBuildConfiguration;
			buildSettings = {
				ASSETCATALOG_COMPILER_APPICON_NAME = AppIcon;
				INFOPLIST_FILE = NoteBook/Info.plist;
				LD_RUNPATH_SEARCH_PATHS = "$(inherited) @executable_path/Frameworks";
				PRODUCT_NAME = "$(TARGET_NAME)";
			};
			name = Debug;
		};
		AB833AE71B713563006FC7FB /* Release */ = {
			isa = XCBuildConfiguration;
			buildSettings = {
				ASSETCATALOG_COMPILER_APPICON_NAME = AppIcon;
				INFOPLIST_FILE = NoteBook/Info.plist;
				LD_RUNPATH_SEARCH_PATHS = "$(inherited) @executable_path/Frameworks";
				PRODUCT_NAME = "$(TARGET_NAME)";
			};
			name = Release;
		};
		AB833AE91B713563006FC7FB /* Debug */ = {
			isa = XCBuildConfiguration;
			buildSettings = {
				BUNDLE_LOADER = "$(TEST_HOST)";
				FRAMEWORK_SEARCH_PATHS = (
					"$(SDKROOT)/Developer/Library/Frameworks",
					"$(inherited)",
				);
				GCC_PREPROCESSOR_DEFINITIONS = (
					"DEBUG=1",
					"$(inherited)",
				);
				INFOPLIST_FILE = NoteBookTests/Info.plist;
				LD_RUNPATH_SEARCH_PATHS = "$(inherited) @executable_path/Frameworks @loader_path/Frameworks";
				PRODUCT_NAME = "$(TARGET_NAME)";
				TEST_HOST = "$(BUILT_PRODUCTS_DIR)/NoteBook.app/NoteBook";
			};
			name = Debug;
		};
		AB833AEA1B713563006FC7FB /* Release */ = {
			isa = XCBuildConfiguration;
			buildSettings = {
				BUNDLE_LOADER = "$(TEST_HOST)";
				FRAMEWORK_SEARCH_PATHS = (
					"$(SDKROOT)/Developer/Library/Frameworks",
					"$(inherited)",
				);
				INFOPLIST_FILE = NoteBookTests/Info.plist;
				LD_RUNPATH_SEARCH_PATHS = "$(inherited) @executable_path/Frameworks @loader_path/Frameworks";
				PRODUCT_NAME = "$(TARGET_NAME)";
				TEST_HOST = "$(BUILT_PRODUCTS_DIR)/NoteBook.app/NoteBook";
			};
			name = Release;
		};
/* End XCBuildConfiguration section */

/* Begin XCConfigurationList section */
		AB833ABD1B713563006FC7FB /* Build configuration list for PBXProject "NoteBook" */ = {
			isa = XCConfigurationList;
			buildConfigurations = (
				AB833AE31B713563006FC7FB /* Debug */,
				AB833AE41B713563006FC7FB /* Release */,
			);
			defaultConfigurationIsVisible = 0;
			defaultConfigurationName = Release;
		};
		AB833AE51B713563006FC7FB /* Build configuration list for PBXNativeTarget "NoteBook" */ = {
			isa = XCConfigurationList;
			buildConfigurations = (
				AB833AE61B713563006FC7FB /* Debug */,
				AB833AE71B713563006FC7FB /* Release */,
			);
			defaultConfigurationIsVisible = 0;
		};
		AB833AE81B713563006FC7FB /* Build configuration list for PBXNativeTarget "NoteBookTests" */ = {
			isa = XCConfigurationList;
			buildConfigurations = (
				AB833AE91B713563006FC7FB /* Debug */,
				AB833AEA1B713563006FC7FB /* Release */,
			);
			defaultConfigurationIsVisible = 0;
		};
/* End XCConfigurationList section */
	};
	rootObject = AB833ABA1B713563006FC7FB /* Project object */;
}
